Microsoft Visual Studio Solution File, Format Version 12.00
# Visual Studio Version 17
VisualStudioVersion = 17.5.2.0
MinimumVisualStudioVersion = 10.0.40219.1
Project("{FAE04EC0-301F-11D3-BF4B-00C04F79EFBC}") = "JOANAPI.Api", "JOANAPI.Api\JOANAPI.Api.csproj", "{9AD81DF0-6745-AF57-8577-38E933D6A055}"
EndProject
Project("{FAE04EC0-301F-11D3-BF4B-00C04F79EFBC}") = "JOANAPI.Application", "JOANAPI.Application\JOANAPI.Application.csproj", "{165680F6-B690-A30E-C10B-8DD39FB08E4C}"
EndProject
Project("{FAE04EC0-301F-11D3-BF4B-00C04F79EFBC}") = "JOANAPI.Domain", "JOANAPI.Domain\JOANAPI.Domain.csproj", "{FAAD23B5-E2E1-4438-02AD-9D38B7C5CBDF}"
EndProject
Project("{FAE04EC0-301F-11D3-BF4B-00C04F79EFBC}") = "JOANAPI.Infrastructure", "JOANAPI.Infrastructure\JOANAPI.Infrastructure.csproj", "{4953A1B4-30D3-CA6B-DFFB-EC408795D9CA}"
EndProject
Global
	GlobalSection(SolutionConfigurationPlatforms) = preSolution
		Debug|Any CPU = Debug|Any CPU
		Release|Any CPU = Release|Any CPU
	EndGlobalSection
	GlobalSection(ProjectConfigurationPlatforms) = postSolution
		{9AD81DF0-6745-AF57-8577-38E933D6A055}.Debug|Any CPU.ActiveCfg = Debug|Any CPU
		{9AD81DF0-6745-AF57-8577-38E933D6A055}.Debug|Any CPU.Build.0 = Debug|Any CPU
		{9AD81DF0-6745-AF57-8577-38E933D6A055}.Release|Any CPU.ActiveCfg = Release|Any CPU
		{9AD81DF0-6745-AF57-8577-38E933D6A055}.Release|Any CPU.Build.0 = Release|Any CPU
		{165680F6-B690-A30E-C10B-8DD39FB08E4C}.Debug|Any CPU.ActiveCfg = Debug|Any CPU
		{165680F6-B690-A30E-C10B-8DD39FB08E4C}.Debug|Any CPU.Build.0 = Debug|Any CPU
		{165680F6-B690-A30E-C10B-8DD39FB08E4C}.Release|Any CPU.ActiveCfg = Release|Any CPU
		{165680F6-B690-A30E-C10B-8DD39FB08E4C}.Release|Any CPU.Build.0 = Release|Any CPU
		{FAAD23B5-E2E1-4438-02AD-9D38B7C5CBDF}.Debug|Any CPU.ActiveCfg = Debug|Any CPU
		{FAAD23B5-E2E1-4438-02AD-9D38B7C5CBDF}.Debug|Any CPU.Build.0 = Debug|Any CPU
		{FAAD23B5-E2E1-4438-02AD-9D38B7C5CBDF}.Release|Any CPU.ActiveCfg = Release|Any CPU
		{FAAD23B5-E2E1-4438-02AD-9D38B7C5CBDF}.Release|Any CPU.Build.0 = Release|Any CPU
		{4953A1B4-30D3-CA6B-DFFB-EC408795D9CA}.Debug|Any CPU.ActiveCfg = Debug|Any CPU
		{4953A1B4-30D3-CA6B-DFFB-EC408795D9CA}.Debug|Any CPU.Build.0 = Debug|Any CPU
		{4953A1B4-30D3-CA6B-DFFB-EC408795D9CA}.Release|Any CPU.ActiveCfg = Release|Any CPU
		{4953A1B4-30D3-CA6B-DFFB-EC408795D9CA}.Release|Any CPU.Build.0 = Release|Any CPU
	EndGlobalSection
	GlobalSection(SolutionProperties) = preSolution
		HideSolutionNode = FALSE
	EndGlobalSection
	GlobalSection(ExtensibilityGlobals) = postSolution
		SolutionGuid = {0287A965-BA17-4A4E-AC88-BC4280055394}
	EndGlobalSection
EndGlobal
